
Microsoft Visual Studio Solution File, Format Version 12.00
# Visual Studio Version 17
VisualStudioVersion = 17.2.32616.157
MinimumVisualStudioVersion = 10.0.40219.1
Project("{FAE04EC0-301F-11D3-BF4B-00C04F79EFBC}") = "ConvolutionalNeuralNetworkV1", "ConvolutionalNeuralNetworkV1\ConvolutionalNeuralNetworkV1.csproj", "{9E6FAB66-FF74-43C6-851A-905C176B857F}"
EndProject
Global
	GlobalSection(SolutionConfigurationPlatforms) = preSolution
		Debug|Any CPU = Debug|Any CPU
		Release|Any CPU = Release|Any CPU
	EndGlobalSection
	GlobalSection(ProjectConfigurationPlatforms) = postSolution
		{9E6FAB66-FF74-43C6-851A-905C176B857F}.Debug|Any CPU.ActiveCfg = Debug|Any CPU
		{9E6FAB66-FF74-43C6-851A-905C176B857F}.Debug|Any CPU.Build.0 = Debug|Any CPU
		{9E6FAB66-FF74-43C6-851A-905C176B857F}.Release|Any CPU.ActiveCfg = Release|Any CPU
		{9E6FAB66-FF74-43C6-851A-905C176B857F}.Release|Any CPU.Build.0 = Release|Any CPU
	EndGlobalSection
	GlobalSection(SolutionProperties) = preSolution
		HideSolutionNode = FALSE
	EndGlobalSection
	GlobalSection(ExtensibilityGlobals) = postSolution
		SolutionGuid = {D28E7860-3B3E-493A-B87F-5AF2F17DE50F}
	EndGlobalSection
EndGlobal
