
Microsoft Visual Studio Solution File, Format Version 12.00
# Visual Studio Version 16
VisualStudioVersion = 16.0.31729.503
MinimumVisualStudioVersion = 10.0.40219.1
Project("{FAE04EC0-301F-11D3-BF4B-00C04F79EFBC}") = "NeuralNetworkV2", "NeuralNetworkV2\NeuralNetworkV2.csproj", "{8392CDB7-D277-417E-9EC6-C6CF14657AD7}"
EndProject
Global
	GlobalSection(SolutionConfigurationPlatforms) = preSolution
		Debug|Any CPU = Debug|Any CPU
		Release|Any CPU = Release|Any CPU
	EndGlobalSection
	GlobalSection(ProjectConfigurationPlatforms) = postSolution
		{8392CDB7-D277-417E-9EC6-C6CF14657AD7}.Debug|Any CPU.ActiveCfg = Debug|Any CPU
		{8392CDB7-D277-417E-9EC6-C6CF14657AD7}.Debug|Any CPU.Build.0 = Debug|Any CPU
		{8392CDB7-D277-417E-9EC6-C6CF14657AD7}.Release|Any CPU.ActiveCfg = Release|Any CPU
		{8392CDB7-D277-417E-9EC6-C6CF14657AD7}.Release|Any CPU.Build.0 = Release|Any CPU
	EndGlobalSection
	GlobalSection(SolutionProperties) = preSolution
		HideSolutionNode = FALSE
	EndGlobalSection
	GlobalSection(ExtensibilityGlobals) = postSolution
		SolutionGuid = {FE0C390C-1153-43CB-A812-A47EA41F2817}
	EndGlobalSection
EndGlobal
